
Microsoft Visual Studio Solution File, Format Version 12.00
# Visual Studio Version 16
VisualStudioVersion = 16.0.29728.190
MinimumVisualStudioVersion = 10.0.40219.1
Project("{FAE04EC0-301F-11D3-BF4B-00C04F79EFBC}") = "modulace", "modulace\modulace.csproj", "{498C0C82-1B42-4C05-8CBD-EBDAE29C5B06}"
EndProject
Global
	GlobalSection(SolutionConfigurationPlatforms) = preSolution
		Debug|Any CPU = Debug|Any CPU
		Release|Any CPU = Release|Any CPU
	EndGlobalSection
	GlobalSection(ProjectConfigurationPlatforms) = postSolution
		{498C0C82-1B42-4C05-8CBD-EBDAE29C5B06}.Debug|Any CPU.ActiveCfg = Debug|Any CPU
		{498C0C82-1B42-4C05-8CBD-EBDAE29C5B06}.Debug|Any CPU.Build.0 = Debug|Any CPU
		{498C0C82-1B42-4C05-8CBD-EBDAE29C5B06}.Release|Any CPU.ActiveCfg = Release|Any CPU
		{498C0C82-1B42-4C05-8CBD-EBDAE29C5B06}.Release|Any CPU.Build.0 = Release|Any CPU
	EndGlobalSection
	GlobalSection(SolutionProperties) = preSolution
		HideSolutionNode = FALSE
	EndGlobalSection
	GlobalSection(ExtensibilityGlobals) = postSolution
		SolutionGuid = {9DB18539-1310-40A8-85B8-8551B8A4BFA1}
	EndGlobalSection
EndGlobal
